
Microsoft Visual Studio Solution File, Format Version 12.00
# Visual Studio Version 17
VisualStudioVersion = 17.4.33213.308
MinimumVisualStudioVersion = 10.0.40219.1
Project("{FAE04EC0-301F-11D3-BF4B-00C04F79EFBC}") = "EnexToHtml", "EnexToHtml\EnexToHtml.csproj", "{494F282A-EDA5-4BED-ACDD-08E14FF0863F}"
EndProject
Global
	GlobalSection(SolutionConfigurationPlatforms) = preSolution
		Debug|Any CPU = Debug|Any CPU
		Release|Any CPU = Release|Any CPU
	EndGlobalSection
	GlobalSection(ProjectConfigurationPlatforms) = postSolution
		{494F282A-EDA5-4BED-ACDD-08E14FF0863F}.Debug|Any CPU.ActiveCfg = Debug|Any CPU
		{494F282A-EDA5-4BED-ACDD-08E14FF0863F}.Debug|Any CPU.Build.0 = Debug|Any CPU
		{494F282A-EDA5-4BED-ACDD-08E14FF0863F}.Release|Any CPU.ActiveCfg = Release|Any CPU
		{494F282A-EDA5-4BED-ACDD-08E14FF0863F}.Release|Any CPU.Build.0 = Release|Any CPU
	EndGlobalSection
	GlobalSection(SolutionProperties) = preSolution
		HideSolutionNode = FALSE
	EndGlobalSection
	GlobalSection(ExtensibilityGlobals) = postSolution
		SolutionGuid = {D92FC380-F2EF-4991-B566-3F60F063C348}
	EndGlobalSection
EndGlobal
